
Microsoft Visual Studio Solution File, Format Version 12.00
# Visual Studio Version 16
VisualStudioVersion = 16.0.30114.105
MinimumVisualStudioVersion = 10.0.40219.1
Project("{FAE04EC0-301F-11D3-BF4B-00C04F79EFBC}") = "学籍和成绩", "学籍和成绩\学籍和成绩.csproj", "{C507315E-5BB1-4EE2-8E72-A0BD23D905A6}"
EndProject
Global
	GlobalSection(SolutionConfigurationPlatforms) = preSolution
		Debug|Any CPU = Debug|Any CPU
		Release|Any CPU = Release|Any CPU
	EndGlobalSection
	GlobalSection(ProjectConfigurationPlatforms) = postSolution
		{C507315E-5BB1-4EE2-8E72-A0BD23D905A6}.Debug|Any CPU.ActiveCfg = Debug|Any CPU
		{C507315E-5BB1-4EE2-8E72-A0BD23D905A6}.Debug|Any CPU.Build.0 = Debug|Any CPU
		{C507315E-5BB1-4EE2-8E72-A0BD23D905A6}.Release|Any CPU.ActiveCfg = Release|Any CPU
		{C507315E-5BB1-4EE2-8E72-A0BD23D905A6}.Release|Any CPU.Build.0 = Release|Any CPU
	EndGlobalSection
	GlobalSection(SolutionProperties) = preSolution
		HideSolutionNode = FALSE
	EndGlobalSection
	GlobalSection(ExtensibilityGlobals) = postSolution
		SolutionGuid = {2BC0CF82-936B-4193-A591-2617C84464FA}
	EndGlobalSection
EndGlobal
